
Microsoft Visual Studio Solution File, Format Version 12.00
# Visual Studio Version 16
VisualStudioVersion = 16.0.32002.261
MinimumVisualStudioVersion = 10.0.40219.1
Project("{FAE04EC0-301F-11D3-BF4B-00C04F79EFBC}") = "CiklaiND2", "CiklaiND2\CiklaiND2.csproj", "{A86C9C2D-D4C3-4BF7-A214-C83C18A6A2A7}"
EndProject
Global
	GlobalSection(SolutionConfigurationPlatforms) = preSolution
		Debug|Any CPU = Debug|Any CPU
		Release|Any CPU = Release|Any CPU
	EndGlobalSection
	GlobalSection(ProjectConfigurationPlatforms) = postSolution
		{A86C9C2D-D4C3-4BF7-A214-C83C18A6A2A7}.Debug|Any CPU.ActiveCfg = Debug|Any CPU
		{A86C9C2D-D4C3-4BF7-A214-C83C18A6A2A7}.Debug|Any CPU.Build.0 = Debug|Any CPU
		{A86C9C2D-D4C3-4BF7-A214-C83C18A6A2A7}.Release|Any CPU.ActiveCfg = Release|Any CPU
		{A86C9C2D-D4C3-4BF7-A214-C83C18A6A2A7}.Release|Any CPU.Build.0 = Release|Any CPU
	EndGlobalSection
	GlobalSection(SolutionProperties) = preSolution
		HideSolutionNode = FALSE
	EndGlobalSection
	GlobalSection(ExtensibilityGlobals) = postSolution
		SolutionGuid = {60ACA76E-2EAA-48C9-92F2-2E429EABF195}
	EndGlobalSection
EndGlobal
